// !$*UTF8*$!
{
	archiveVersion = 1;
	classes = {
	};
	objectVersion = 56;
	objects = {

/* Begin PBXBuildFile section */
		749CEF0E2AF0042000F7B08E /* StopWatchAppApp.swift in Sources */ = {isa = PBXBuildFile; fileRef = 749CEF0D2AF0042000F7B08E /* StopWatchAppApp.swift */; };
		749CEF102AF0042000F7B08E /* ContentView.swift in Sources */ = {isa = PBXBuildFile; fileRef = 749CEF0F2AF0042000F7B08E /* ContentView.swift */; };
		749CEF122AF0042300F7B08E /* Assets.xcassets in Resources */ = {isa = PBXBuildFile; fileRef = 749CEF112AF0042300F7B08E /* Assets.xcassets */; };
		749CEF152AF0042300F7B08E /* Preview Assets.xcassets in Resources */ = {isa = PBXBuildFile; fileRef = 749CEF142AF0042300F7B08E /* Preview Assets.xcassets */; };
		749CEF1F2AF0042300F7B08E /* StopWatchAppTests.swift in Sources */ = {isa = PBXBuildFile; fileRef = 749CEF1E2AF0042300F7B08E /* StopWatchAppTests.swift */; };
		749CEF292AF0042300F7B08E /* StopWatchAppUITests.swift in Sources */ = {isa = PBXBuildFile; fileRef = 749CEF282AF0042300F7B08E /* StopWatchAppUITests.swift */; };
		749CEF2B2AF0042300F7B08E /* StopWatchAppUITestsLaunchTests.swift in Sources */ = {isa = PBXBuildFile; fileRef = 749CEF2A2AF0042300F7B08E /* StopWatchAppUITestsLaunchTests.swift */; };
		749CEF382AF0091600F7B08E /* CircleButtonView.swift in Sources */ = {isa = PBXBuildFile; fileRef = 749CEF372AF0091600F7B08E /* CircleButtonView.swift */; };
/* End PBXBuildFile section */

/* Begin PBXContainerItemProxy section */
		749CEF1B2AF0042300F7B08E /* PBXContainerItemProxy */ = {
			isa = PBXContainerItemProxy;
			containerPortal = 749CEF022AF0042000F7B08E /* Project object */;
			proxyType = 1;
			remoteGlobalIDString = 749CEF092AF0042000F7B08E;
			remoteInfo = StopWatchApp;
		};
		749CEF252AF0042300F7B08E /* PBXContainerItemProxy */ = {
			isa = PBXContainerItemProxy;
			containerPortal = 749CEF022AF0042000F7B08E /* Project object */;
			proxyType = 1;
			remoteGlobalIDString = 749CEF092AF0042000F7B08E;
			remoteInfo = StopWatchApp;
		};
/* End PBXContainerItemProxy section */

/* Begin PBXFileReference section */
		749CEF0A2AF0042000F7B08E /* StopWatchApp.app */ = {isa = PBXFileReference; explicitFileType = wrapper.application; includeInIndex = 0; path = StopWatchApp.app; sourceTree = BUILT_PRODUCTS_DIR; };
		749CEF0D2AF0042000F7B08E /* StopWatchAppApp.swift */ = {isa = PBXFileReference; lastKnownFileType = sourcecode.swift; path = StopWatchAppApp.swift; sourceTree = "<group>"; };
		749CEF0F2AF0042000F7B08E /* ContentView.swift */ = {isa = PBXFileReference; lastKnownFileType = sourcecode.swift; path = ContentView.swift; sourceTree = "<group>"; };
		749CEF112AF0042300F7B08E /* Assets.xcassets */ = {isa = PBXFileReference; lastKnownFileType = folder.assetcatalog; path = Assets.xcassets; sourceTree = "<group>"; };
		749CEF142AF0042300F7B08E /* Preview Assets.xcassets */ = {isa = PBXFileReference; lastKnownFileType = folder.assetcatalog; path = "Preview Assets.xcassets"; sourceTree = "<group>"; };
		749CEF1A2AF0042300F7B08E /* StopWatchAppTests.xctest */ = {isa = PBXFileReference; explicitFileType = wrapper.cfbundle; includeInIndex = 0; path = StopWatchAppTests.xctest; sourceTree = BUILT_PRODUCTS_DIR; };
		749CEF1E2AF0042300F7B08E /* StopWatchAppTests.swift */ = {isa = PBXFileReference; lastKnownFileType = sourcecode.swift; path = StopWatchAppTests.swift; sourceTree = "<group>"; };
		749CEF242AF0042300F7B08E /* StopWatchAppUITests.xctest */ = {isa = PBXFileReference; explicitFileType = wrapper.cfbundle; includeInIndex = 0; path = StopWatchAppUITests.xctest; sourceTree = BUILT_PRODUCTS_DIR; };
		749CEF282AF0042300F7B08E /* StopWatchAppUITests.swift */ = {isa = PBXFileReference; lastKnownFileType = sourcecode.swift; path = StopWatchAppUITests.swift; sourceTree = "<group>"; };
		749CEF2A2AF0042300F7B08E /* StopWatchAppUITestsLaunchTests.swift */ = {isa = PBXFileReference; lastKnownFileType = sourcecode.swift; path = StopWatchAppUITestsLaunchTests.swift; sourceTree = "<group>"; };
		749CEF372AF0091600F7B08E /* CircleButtonView.swift */ = {isa = PBXFileReference; lastKnownFileType = sourcecode.swift; path = CircleButtonView.swift; sourceTree = "<group>"; };
/* End PBXFileReference section */

/* Begin PBXFrameworksBuildPhase section */
		749CEF072AF0042000F7B08E /* Frameworks */ = {
			isa = PBXFrameworksBuildPhase;
			buildActionMask = 2147483647;
			files = (
			);
			runOnlyForDeploymentPostprocessing = 0;
		};
		749CEF172AF0042300F7B08E /* Frameworks */ = {
			isa = PBXFrameworksBuildPhase;
			buildActionMask = 2147483647;
			files = (
			);
			runOnlyForDeploymentPostprocessing = 0;
		};
		749CEF212AF0042300F7B08E /* Frameworks */ = {
			isa = PBXFrameworksBuildPhase;
			buildActionMask = 2147483647;
			files = (
			);
			runOnlyForDeploymentPostprocessing = 0;
		};
/* End PBXFrameworksBuildPhase section */

/* Begin PBXGroup section */
		749CEF012AF0042000F7B08E = {
			isa = PBXGroup;
			children = (
				749CEF0C2AF0042000F7B08E /* StopWatchApp */,
				749CEF1D2AF0042300F7B08E /* StopWatchAppTests */,
				749CEF272AF0042300F7B08E /* StopWatchAppUITests */,
				749CEF0B2AF0042000F7B08E /* Products */,
			);
			sourceTree = "<group>";
		};
		749CEF0B2AF0042000F7B08E /* Products */ = {
			isa = PBXGroup;
			children = (
				749CEF0A2AF0042000F7B08E /* StopWatchApp.app */,
				749CEF1A2AF0042300F7B08E /* StopWatchAppTests.xctest */,
				749CEF242AF0042300F7B08E /* StopWatchAppUITests.xctest */,
			);
			name = Products;
			sourceTree = "<group>";
		};
		749CEF0C2AF0042000F7B08E /* StopWatchApp */ = {
			isa = PBXGroup;
			children = (
				749CEF0D2AF0042000F7B08E /* StopWatchAppApp.swift */,
				749CEF0F2AF0042000F7B08E /* ContentView.swift */,
				749CEF112AF0042300F7B08E /* Assets.xcassets */,
				749CEF132AF0042300F7B08E /* Preview Content */,
				749CEF372AF0091600F7B08E /* CircleButtonView.swift */,
			);
			path = StopWatchApp;
			sourceTree = "<group>";
		};
		749CEF132AF0042300F7B08E /* Preview Content */ = {
			isa = PBXGroup;
			children = (
				749CEF142AF0042300F7B08E /* Preview Assets.xcassets */,
			);
			path = "Preview Content";
			sourceTree = "<group>";
		};
		749CEF1D2AF0042300F7B08E /* StopWatchAppTests */ = {
			isa = PBXGroup;
			children = (
				749CEF1E2AF0042300F7B08E /* StopWatchAppTests.swift */,
			);
			path = StopWatchAppTests;
			sourceTree = "<group>";
		};
		749CEF272AF0042300F7B08E /* StopWatchAppUITests */ = {
			isa = PBXGroup;
			children = (
				749CEF282AF0042300F7B08E /* StopWatchAppUITests.swift */,
				749CEF2A2AF0042300F7B08E /* StopWatchAppUITestsLaunchTests.swift */,
			);
			path = StopWatchAppUITests;
			sourceTree = "<group>";
		};
/* End PBXGroup section */

/* Begin PBXNativeTarget section */
		749CEF092AF0042000F7B08E /* StopWatchApp */ = {
			isa = PBXNativeTarget;
			buildConfigurationList = 749CEF2E2AF0042300F7B08E /* Build configuration list for PBXNativeTarget "StopWatchApp" */;
			buildPhases = (
				749CEF062AF0042000F7B08E /* Sources */,
				749CEF072AF0042000F7B08E /* Frameworks */,
				749CEF082AF0042000F7B08E /* Resources */,
			);
			buildRules = (
			);
			dependencies = (
			);
			name = StopWatchApp;
			productName = StopWatchApp;
			productReference = 749CEF0A2AF0042000F7B08E /* StopWatchApp.app */;
			productType = "com.apple.product-type.application";
		};
		749CEF192AF0042300F7B08E /* StopWatchAppTests */ = {
			isa = PBXNativeTarget;
			buildConfigurationList = 749CEF312AF0042300F7B08E /* Build configuration list for PBXNativeTarget "StopWatchAppTests" */;
			buildPhases = (
				749CEF162AF0042300F7B08E /* Sources */,
				749CEF172AF0042300F7B08E /* Frameworks */,
				749CEF182AF0042300F7B08E /* Resources */,
			);
			buildRules = (
			);
			dependencies = (
				749CEF1C2AF0042300F7B08E /* PBXTargetDependency */,
			);
			name = StopWatchAppTests;
			productName = StopWatchAppTests;
			productReference = 749CEF1A2AF0042300F7B08E /* StopWatchAppTests.xctest */;
			productType = "com.apple.product-type.bundle.unit-test";
		};
		749CEF232AF0042300F7B08E /* StopWatchAppUITests */ = {
			isa = PBXNativeTarget;
			buildConfigurationList = 749CEF342AF0042300F7B08E /* Build configuration list for PBXNativeTarget "StopWatchAppUITests" */;
			buildPhases = (
				749CEF202AF0042300F7B08E /* Sources */,
				749CEF212AF0042300F7B08E /* Frameworks */,
				749CEF222AF0042300F7B08E /* Resources */,
			);
			buildRules = (
			);
			dependencies = (
				749CEF262AF0042300F7B08E /* PBXTargetDependency */,
			);
			name = StopWatchAppUITests;
			productName = StopWatchAppUITests;
			productReference = 749CEF242AF0042300F7B08E /* StopWatchAppUITests.xctest */;
			productType = "com.apple.product-type.bundle.ui-testing";
		};
/* End PBXNativeTarget section */

/* Begin PBXProject section */
		749CEF022AF0042000F7B08E /* Project object */ = {
			isa = PBXProject;
			attributes = {
				BuildIndependentTargetsInParallel = 1;
				LastSwiftUpdateCheck = 1500;
				LastUpgradeCheck = 1500;
				TargetAttributes = {
					749CEF092AF0042000F7B08E = {
						CreatedOnToolsVersion = 15.0;
					};
					749CEF192AF0042300F7B08E = {
						CreatedOnToolsVersion = 15.0;
						TestTargetID = 749CEF092AF0042000F7B08E;
					};
					749CEF232AF0042300F7B08E = {
						CreatedOnToolsVersion = 15.0;
						TestTargetID = 749CEF092AF0042000F7B08E;
					};
				};
			};
			buildConfigurationList = 749CEF052AF0042000F7B08E /* Build configuration list for PBXProject "StopWatchApp" */;
			compatibilityVersion = "Xcode 14.0";
			developmentRegion = en;
			hasScannedForEncodings = 0;
			knownRegions = (
				en,
				Base,
			);
			mainGroup = 749CEF012AF0042000F7B08E;
			productRefGroup = 749CEF0B2AF0042000F7B08E /* Products */;
			projectDirPath = "";
			projectRoot = "";
			targets = (
				749CEF092AF0042000F7B08E /* StopWatchApp */,
				749CEF192AF0042300F7B08E /* StopWatchAppTests */,
				749CEF232AF0042300F7B08E /* StopWatchAppUITests */,
			);
		};
/* End PBXProject section */

/* Begin PBXResourcesBuildPhase section */
		749CEF082AF0042000F7B08E /* Resources */ = {
			isa = PBXResourcesBuildPhase;
			buildActionMask = 2147483647;
			files = (
				749CEF152AF0042300F7B08E /* Preview Assets.xcassets in Resources */,
				749CEF122AF0042300F7B08E /* Assets.xcassets in Resources */,
			);
			runOnlyForDeploymentPostprocessing = 0;
		};
		749CEF182AF0042300F7B08E /* Resources */ = {
			isa = PBXResourcesBuildPhase;
			buildActionMask = 2147483647;
			files = (
			);
			runOnlyForDeploymentPostprocessing = 0;
		};
		749CEF222AF0042300F7B08E /* Resources */ = {
			isa = PBXResourcesBuildPhase;
			buildActionMask = 2147483647;
			files = (
			);
			runOnlyForDeploymentPostprocessing = 0;
		};
/* End PBXResourcesBuildPhase section */

/* Begin PBXSourcesBuildPhase section */
		749CEF062AF0042000F7B08E /* Sources */ = {
			isa = PBXSourcesBuildPhase;
			buildActionMask = 2147483647;
			files = (
				749CEF382AF0091600F7B08E /* CircleButtonView.swift in Sources */,
				749CEF102AF0042000F7B08E /* ContentView.swift in Sources */,
				749CEF0E2AF0042000F7B08E /* StopWatchAppApp.swift in Sources */,
			);
			runOnlyForDeploymentPostprocessing = 0;
		};
		749CEF162AF0042300F7B08E /* Sources */ = {
			isa = PBXSourcesBuildPhase;
			buildActionMask = 2147483647;
			files = (
				749CEF1F2AF0042300F7B08E /* StopWatchAppTests.swift in Sources */,
			);
			runOnlyForDeploymentPostprocessing = 0;
		};
		749CEF202AF0042300F7B08E /* Sources */ = {
			isa = PBXSourcesBuildPhase;
			buildActionMask = 2147483647;
			files = (
				749CEF2B2AF0042300F7B08E /* StopWatchAppUITestsLaunchTests.swift in Sources */,
				749CEF292AF0042300F7B08E /* StopWatchAppUITests.swift in Sources */,
			);
			runOnlyForDeploymentPostprocessing = 0;
		};
/* End PBXSourcesBuildPhase section */

/* Begin PBXTargetDependency section */
		749CEF1C2AF0042300F7B08E /* PBXTargetDependency */ = {
			isa = PBXTargetDependency;
			target = 749CEF092AF0042000F7B08E /* StopWatchApp */;
			targetProxy = 749CEF1B2AF0042300F7B08E /* PBXContainerItemProxy */;
		};
		749CEF262AF0042300F7B08E /* PBXTargetDependency */ = {
			isa = PBXTargetDependency;
			target = 749CEF092AF0042000F7B08E /* StopWatchApp */;
			targetProxy = 749CEF252AF0042300F7B08E /* PBXContainerItemProxy */;
		};
/* End PBXTargetDependency section */

/* Begin XCBuildConfiguration section */
		749CEF2C2AF0042300F7B08E /* Debug */ = {
			isa = XCBuildConfiguration;
			buildSettings = {
				ALWAYS_SEARCH_USER_PATHS = NO;
				ASSETCATALOG_COMPILER_GENERATE_SWIFT_ASSET_SYMBOL_EXTENSIONS = YES;
				CLANG_ANALYZER_NONNULL = YES;
				CLANG_ANALYZER_NUMBER_OBJECT_CONVERSION = YES_AGGRESSIVE;
				CLANG_CXX_LANGUAGE_STANDARD = "gnu++20";
				CLANG_ENABLE_MODULES = YES;
				CLANG_ENABLE_OBJC_ARC = YES;
				CLANG_ENABLE_OBJC_WEAK = YES;
				CLANG_WARN_BLOCK_CAPTURE_AUTORELEASING = YES;
				CLANG_WARN_BOOL_CONVERSION = YES;
				CLANG_WARN_COMMA = YES;
				CLANG_WARN_CONSTANT_CONVERSION = YES;
				CLANG_WARN_DEPRECATED_OBJC_IMPLEMENTATIONS = YES;
				CLANG_WARN_DIRECT_OBJC_ISA_USAGE = YES_ERROR;
				CLANG_WARN_DOCUMENTATION_COMMENTS = YES;
				CLANG_WARN_EMPTY_BODY = YES;
				CLANG_WARN_ENUM_CONVERSION = YES;
				CLANG_WARN_INFINITE_RECURSION = YES;
				CLANG_WARN_INT_CONVERSION = YES;
				CLANG_WARN_NON_LITERAL_NULL_CONVERSION = YES;
				CLANG_WARN_OBJC_IMPLICIT_RETAIN_SELF = YES;
				CLANG_WARN_OBJC_LITERAL_CONVERSION = YES;
				CLANG_WARN_OBJC_ROOT_CLASS = YES_ERROR;
				CLANG_WARN_QUOTED_INCLUDE_IN_FRAMEWORK_HEADER = YES;
				CLANG_WARN_RANGE_LOOP_ANALYSIS = YES;
				CLANG_WARN_STRICT_PROTOTYPES = YES;
				CLANG_WARN_SUSPICIOUS_MOVE = YES;
				CLANG_WARN_UNGUARDED_AVAILABILITY = YES_AGGRESSIVE;
				CLANG_WARN_UNREACHABLE_CODE = YES;
				CLANG_WARN__DUPLICATE_METHOD_MATCH = YES;
				COPY_PHASE_STRIP = NO;
				DEBUG_INFORMATION_FORMAT = dwarf;
				ENABLE_STRICT_OBJC_MSGSEND = YES;
				ENABLE_TESTABILITY = YES;
				ENABLE_USER_SCRIPT_SANDBOXING = YES;
				GCC_C_LANGUAGE_STANDARD = gnu17;
				GCC_DYNAMIC_NO_PIC = NO;
				GCC_NO_COMMON_BLOCKS = YES;
				GCC_OPTIMIZATION_LEVEL = 0;
				GCC_PREPROCESSOR_DEFINITIONS = (
					"DEBUG=1",
					"$(inherited)",
				);
				GCC_WARN_64_TO_32_BIT_CONVERSION = YES;
				GCC_WARN_ABOUT_RETURN_TYPE = YES_ERROR;
				GCC_WARN_UNDECLARED_SELECTOR = YES;
				GCC_WARN_UNINITIALIZED_AUTOS = YES_AGGRESSIVE;
				GCC_WARN_UNUSED_FUNCTION = YES;
				GCC_WARN_UNUSED_VARIABLE = YES;
				IPHONEOS_DEPLOYMENT_TARGET = 17.0;
				LOCALIZATION_PREFERS_STRING_CATALOGS = YES;
				MTL_ENABLE_DEBUG_INFO = INCLUDE_SOURCE;
				MTL_FAST_MATH = YES;
				ONLY_ACTIVE_ARCH = YES;
				SDKROOT = iphoneos;
				SWIFT_ACTIVE_COMPILATION_CONDITIONS = "DEBUG $(inherited)";
				SWIFT_OPTIMIZATION_LEVEL = "-Onone";
			};
			name = Debug;
		};
		749CEF2D2AF0042300F7B08E /* Release */ = {
			isa = XCBuildConfiguration;
			buildSettings = {
				ALWAYS_SEARCH_USER_PATHS = NO;
				ASSETCATALOG_COMPILER_GENERATE_SWIFT_ASSET_SYMBOL_EXTENSIONS = YES;
				CLANG_ANALYZER_NONNULL = YES;
				CLANG_ANALYZER_NUMBER_OBJECT_CONVERSION = YES_AGGRESSIVE;
				CLANG_CXX_LANGUAGE_STANDARD = "gnu++20";
				CLANG_ENABLE_MODULES = YES;
				CLANG_ENABLE_OBJC_ARC = YES;
				CLANG_ENABLE_OBJC_WEAK = YES;
				CLANG_WARN_BLOCK_CAPTURE_AUTORELEASING = YES;
				CLANG_WARN_BOOL_CONVERSION = YES;
				CLANG_WARN_COMMA = YES;
				CLANG_WARN_CONSTANT_CONVERSION = YES;
				CLANG_WARN_DEPRECATED_OBJC_IMPLEMENTATIONS = YES;
				CLANG_WARN_DIRECT_OBJC_ISA_USAGE = YES_ERROR;
				CLANG_WARN_DOCUMENTATION_COMMENTS = YES;
				CLANG_WARN_EMPTY_BODY = YES;
				CLANG_WARN_ENUM_CONVERSION = YES;
				CLANG_WARN_INFINITE_RECURSION = YES;
				CLANG_WARN_INT_CONVERSION = YES;
				CLANG_WARN_NON_LITERAL_NULL_CONVERSION = YES;
				CLANG_WARN_OBJC_IMPLICIT_RETAIN_SELF = YES;
				CLANG_WARN_OBJC_LITERAL_CONVERSION = YES;
				CLANG_WARN_OBJC_ROOT_CLASS = YES_ERROR;
				CLANG_WARN_QUOTED_INCLUDE_IN_FRAMEWORK_HEADER = YES;
				CLANG_WARN_RANGE_LOOP_ANALYSIS = YES;
				CLANG_WARN_STRICT_PROTOTYPES = YES;
				CLANG_WARN_SUSPICIOUS_MOVE = YES;
				CLANG_WARN_UNGUARDED_AVAILABILITY = YES_AGGRESSIVE;
				CLANG_WARN_UNREACHABLE_CODE = YES;
				CLANG_WARN__DUPLICATE_METHOD_MATCH = YES;
				COPY_PHASE_STRIP = NO;
				DEBUG_INFORMATION_FORMAT = "dwarf-with-dsym";
				ENABLE_NS_ASSERTIONS = NO;
				ENABLE_STRICT_OBJC_MSGSEND = YES;
				ENABLE_USER_SCRIPT_SANDBOXING = YES;
				GCC_C_LANGUAGE_STANDARD = gnu17;
				GCC_NO_COMMON_BLOCKS = YES;
				GCC_WARN_64_TO_32_BIT_CONVERSION = YES;
				GCC_WARN_ABOUT_RETURN_TYPE = YES_ERROR;
				GCC_WARN_UNDECLARED_SELECTOR = YES;
				GCC_WARN_UNINITIALIZED_AUTOS = YES_AGGRESSIVE;
				GCC_WARN_UNUSED_FUNCTION = YES;
				GCC_WARN_UNUSED_VARIABLE = YES;
				IPHONEOS_DEPLOYMENT_TARGET = 17.0;
				LOCALIZATION_PREFERS_STRING_CATALOGS = YES;
				MTL_ENABLE_DEBUG_INFO = NO;
				MTL_FAST_MATH = YES;
				SDKROOT = iphoneos;
				SWIFT_COMPILATION_MODE = wholemodule;
				VALIDATE_PRODUCT = YES;
			};
			name = Release;
		};
		749CEF2F2AF0042300F7B08E /* Debug */ = {
			isa = XCBuildConfiguration;
			buildSettings = {
				ASSETCATALOG_COMPILER_APPICON_NAME = AppIcon;
				ASSETCATALOG_COMPILER_GLOBAL_ACCENT_COLOR_NAME = AccentColor;
				CODE_SIGN_STYLE = Automatic;
				CURRENT_PROJECT_VERSION = 1;
				DEVELOPMENT_ASSET_PATHS = "\"StopWatchApp/Preview Content\"";
				DEVELOPMENT_TEAM = UTUJ34857R;
				ENABLE_PREVIEWS = YES;
				GENERATE_INFOPLIST_FILE = YES;
				INFOPLIST_KEY_UIApplicationSceneManifest_Generation = YES;
				INFOPLIST_KEY_UIApplicationSupportsIndirectInputEvents = YES;
				INFOPLIST_KEY_UILaunchScreen_Generation = YES;
				INFOPLIST_KEY_UISupportedInterfaceOrientations_iPad = "UIInterfaceOrientationPortrait UIInterfaceOrientationPortraitUpsideDown UIInterfaceOrientationLandscapeLeft UIInterfaceOrientationLandscapeRight";
				INFOPLIST_KEY_UISupportedInterfaceOrientations_iPhone = "UIInterfaceOrientationPortrait UIInterfaceOrientationLandscapeLeft UIInterfaceOrientationLandscapeRight";
				LD_RUNPATH_SEARCH_PATHS = (
					"$(inherited)",
					"@executable_path/Frameworks",
				);
				MARKETING_VERSION = 1.0;
				PRODUCT_BUNDLE_IDENTIFIER = ca.nina.zhou.StopWatchApp;
				PRODUCT_NAME = "$(TARGET_NAME)";
				SWIFT_EMIT_LOC_STRINGS = YES;
				SWIFT_VERSION = 5.0;
				TARGETED_DEVICE_FAMILY = "1,2";
			};
			name = Debug;
		};
		749CEF302AF0042300F7B08E /* Release */ = {
			isa = XCBuildConfiguration;
			buildSettings = {
				ASSETCATALOG_COMPILER_APPICON_NAME = AppIcon;
				ASSETCATALOG_COMPILER_GLOBAL_ACCENT_COLOR_NAME = AccentColor;
				CODE_SIGN_STYLE = Automatic;
				CURRENT_PROJECT_VERSION = 1;
				DEVELOPMENT_ASSET_PATHS = "\"StopWatchApp/Preview Content\"";
				DEVELOPMENT_TEAM = UTUJ34857R;
				ENABLE_PREVIEWS = YES;
				GENERATE_INFOPLIST_FILE = YES;
				INFOPLIST_KEY_UIApplicationSceneManifest_Generation = YES;
				INFOPLIST_KEY_UIApplicationSupportsIndirectInputEvents = YES;
				INFOPLIST_KEY_UILaunchScreen_Generation = YES;
				INFOPLIST_KEY_UISupportedInterfaceOrientations_iPad = "UIInterfaceOrientationPortrait UIInterfaceOrientationPortraitUpsideDown UIInterfaceOrientationLandscapeLeft UIInterfaceOrientationLandscapeRight";
				INFOPLIST_KEY_UISupportedInterfaceOrientations_iPhone = "UIInterfaceOrientationPortrait UIInterfaceOrientationLandscapeLeft UIInterfaceOrientationLandscapeRight";
				LD_RUNPATH_SEARCH_PATHS = (
					"$(inherited)",
					"@executable_path/Frameworks",
				);
				MARKETING_VERSION = 1.0;
				PRODUCT_BUNDLE_IDENTIFIER = ca.nina.zhou.StopWatchApp;
				PRODUCT_NAME = "$(TARGET_NAME)";
				SWIFT_EMIT_LOC_STRINGS = YES;
				SWIFT_VERSION = 5.0;
				TARGETED_DEVICE_FAMILY = "1,2";
			};
			name = Release;
		};
		749CEF322AF0042300F7B08E /* Debug */ = {
			isa = XCBuildConfiguration;
			buildSettings = {
				ALWAYS_EMBED_SWIFT_STANDARD_LIBRARIES = YES;
				BUNDLE_LOADER = "$(TEST_HOST)";
				CODE_SIGN_STYLE = Automatic;
				CURRENT_PROJECT_VERSION = 1;
				DEVELOPMENT_TEAM = UTUJ34857R;
				GENERATE_INFOPLIST_FILE = YES;
				IPHONEOS_DEPLOYMENT_TARGET = 17.0;
				MARKETING_VERSION = 1.0;
				PRODUCT_BUNDLE_IDENTIFIER = ca.nina.zhou.StopWatchAppTests;
				PRODUCT_NAME = "$(TARGET_NAME)";
				SWIFT_EMIT_LOC_STRINGS = NO;
				SWIFT_VERSION = 5.0;
				TARGETED_DEVICE_FAMILY = "1,2";
				TEST_HOST = "$(BUILT_PRODUCTS_DIR)/StopWatchApp.app/$(BUNDLE_EXECUTABLE_FOLDER_PATH)/StopWatchApp";
			};
			name = Debug;
		};
		749CEF332AF0042300F7B08E /* Release */ = {
			isa = XCBuildConfiguration;
			buildSettings = {
				ALWAYS_EMBED_SWIFT_STANDARD_LIBRARIES = YES;
				BUNDLE_LOADER = "$(TEST_HOST)";
				CODE_SIGN_STYLE = Automatic;
				CURRENT_PROJECT_VERSION = 1;
				DEVELOPMENT_TEAM = UTUJ34857R;
				GENERATE_INFOPLIST_FILE = YES;
				IPHONEOS_DEPLOYMENT_TARGET = 17.0;
				MARKETING_VERSION = 1.0;
				PRODUCT_BUNDLE_IDENTIFIER = ca.nina.zhou.StopWatchAppTests;
				PRODUCT_NAME = "$(TARGET_NAME)";
				SWIFT_EMIT_LOC_STRINGS = NO;
				SWIFT_VERSION = 5.0;
				TARGETED_DEVICE_FAMILY = "1,2";
				TEST_HOST = "$(BUILT_PRODUCTS_DIR)/StopWatchApp.app/$(BUNDLE_EXECUTABLE_FOLDER_PATH)/StopWatchApp";
			};
			name = Release;
		};
		749CEF352AF0042300F7B08E /* Debug */ = {
			isa = XCBuildConfiguration;
			buildSettings = {
				ALWAYS_EMBED_SWIFT_STANDARD_LIBRARIES = YES;
				CODE_SIGN_STYLE = Automatic;
				CURRENT_PROJECT_VERSION = 1;
				DEVELOPMENT_TEAM = UTUJ34857R;
				GENERATE_INFOPLIST_FILE = YES;
				MARKETING_VERSION = 1.0;
				PRODUCT_BUNDLE_IDENTIFIER = ca.nina.zhou.StopWatchAppUITests;
				PRODUCT_NAME = "$(TARGET_NAME)";
				SWIFT_EMIT_LOC_STRINGS = NO;
				SWIFT_VERSION = 5.0;
				TARGETED_DEVICE_FAMILY = "1,2";
				TEST_TARGET_NAME = StopWatchApp;
			};
			name = Debug;
		};
		749CEF362AF0042300F7B08E /* Release */ = {
			isa = XCBuildConfiguration;
			buildSettings = {
				ALWAYS_EMBED_SWIFT_STANDARD_LIBRARIES = YES;
				CODE_SIGN_STYLE = Automatic;
				CURRENT_PROJECT_VERSION = 1;
				DEVELOPMENT_TEAM = UTUJ34857R;
				GENERATE_INFOPLIST_FILE = YES;
				MARKETING_VERSION = 1.0;
				PRODUCT_BUNDLE_IDENTIFIER = ca.nina.zhou.StopWatchAppUITests;
				PRODUCT_NAME = "$(TARGET_NAME)";
				SWIFT_EMIT_LOC_STRINGS = NO;
				SWIFT_VERSION = 5.0;
				TARGETED_DEVICE_FAMILY = "1,2";
				TEST_TARGET_NAME = StopWatchApp;
			};
			name = Release;
		};
/* End XCBuildConfiguration section */

/* Begin XCConfigurationList section */
		749CEF052AF0042000F7B08E /* Build configuration list for PBXProject "StopWatchApp" */ = {
			isa = XCConfigurationList;
			buildConfigurations = (
				749CEF2C2AF0042300F7B08E /* Debug */,
				749CEF2D2AF0042300F7B08E /* Release */,
			);
			defaultConfigurationIsVisible = 0;
			defaultConfigurationName = Release;
		};
		749CEF2E2AF0042300F7B08E /* Build configuration list for PBXNativeTarget "StopWatchApp" */ = {
			isa = XCConfigurationList;
			buildConfigurations = (
				749CEF2F2AF0042300F7B08E /* Debug */,
				749CEF302AF0042300F7B08E /* Release */,
			);
			defaultConfigurationIsVisible = 0;
			defaultConfigurationName = Release;
		};
		749CEF312AF0042300F7B08E /* Build configuration list for PBXNativeTarget "StopWatchAppTests" */ = {
			isa = XCConfigurationList;
			buildConfigurations = (
				749CEF322AF0042300F7B08E /* Debug */,
				749CEF332AF0042300F7B08E /* Release */,
			);
			defaultConfigurationIsVisible = 0;
			defaultConfigurationName = Release;
		};
		749CEF342AF0042300F7B08E /* Build configuration list for PBXNativeTarget "StopWatchAppUITests" */ = {
			isa = XCConfigurationList;
			buildConfigurations = (
				749CEF352AF0042300F7B08E /* Debug */,
				749CEF362AF0042300F7B08E /* Release */,
			);
			defaultConfigurationIsVisible = 0;
			defaultConfigurationName = Release;
		};
/* End XCConfigurationList section */
	};
	rootObject = 749CEF022AF0042000F7B08E /* Project object */;
}
